
Microsoft Visual Studio Solution File, Format Version 12.00
# Visual Studio Version 16
VisualStudioVersion = 25.0.1706.1
MinimumVisualStudioVersion = 10.0.40219.1
Project("{FAE04EC0-301F-11D3-BF4B-00C04F79EFBC}") = "XamarinWithPDF.Android", "XamarinWithPDF\XamarinWithPDF.Android\XamarinWithPDF.Android.csproj", "{383F01B9-4762-494F-AE65-BA92AF6671E0}"
EndProject
Project("{FAE04EC0-301F-11D3-BF4B-00C04F79EFBC}") = "XamarinWithPDF.iOS", "XamarinWithPDF\XamarinWithPDF.iOS\XamarinWithPDF.iOS.csproj", "{30346F98-3808-4ECD-A523-C2DE91A5405B}"
EndProject
Project("{FAE04EC0-301F-11D3-BF4B-00C04F79EFBC}") = "XamarinWithPDF", "XamarinWithPDF\XamarinWithPDF\XamarinWithPDF.csproj", "{77EED9B3-12DD-4B4D-8761-E46E412064F0}"
EndProject
Global
	GlobalSection(SolutionConfigurationPlatforms) = preSolution
		Debug|Any CPU = Debug|Any CPU
		Release|Any CPU = Release|Any CPU
		Debug|iPhoneSimulator = Debug|iPhoneSimulator
		Release|iPhoneSimulator = Release|iPhoneSimulator
		Debug|iPhone = Debug|iPhone
		Release|iPhone = Release|iPhone
	EndGlobalSection
	GlobalSection(ProjectConfigurationPlatforms) = postSolution
		{383F01B9-4762-494F-AE65-BA92AF6671E0}.Debug|Any CPU.ActiveCfg = Debug|Any CPU
		{383F01B9-4762-494F-AE65-BA92AF6671E0}.Debug|Any CPU.Build.0 = Debug|Any CPU
		{383F01B9-4762-494F-AE65-BA92AF6671E0}.Release|Any CPU.ActiveCfg = Release|Any CPU
		{383F01B9-4762-494F-AE65-BA92AF6671E0}.Release|Any CPU.Build.0 = Release|Any CPU
		{383F01B9-4762-494F-AE65-BA92AF6671E0}.Debug|iPhoneSimulator.ActiveCfg = Debug|Any CPU
		{383F01B9-4762-494F-AE65-BA92AF6671E0}.Debug|iPhoneSimulator.Build.0 = Debug|Any CPU
		{383F01B9-4762-494F-AE65-BA92AF6671E0}.Release|iPhoneSimulator.ActiveCfg = Release|Any CPU
		{383F01B9-4762-494F-AE65-BA92AF6671E0}.Release|iPhoneSimulator.Build.0 = Release|Any CPU
		{383F01B9-4762-494F-AE65-BA92AF6671E0}.Debug|iPhone.ActiveCfg = Debug|Any CPU
		{383F01B9-4762-494F-AE65-BA92AF6671E0}.Debug|iPhone.Build.0 = Debug|Any CPU
		{383F01B9-4762-494F-AE65-BA92AF6671E0}.Release|iPhone.ActiveCfg = Release|Any CPU
		{383F01B9-4762-494F-AE65-BA92AF6671E0}.Release|iPhone.Build.0 = Release|Any CPU
		{30346F98-3808-4ECD-A523-C2DE91A5405B}.Debug|Any CPU.ActiveCfg = Debug|iPhoneSimulator
		{30346F98-3808-4ECD-A523-C2DE91A5405B}.Debug|Any CPU.Build.0 = Debug|iPhoneSimulator
		{30346F98-3808-4ECD-A523-C2DE91A5405B}.Release|Any CPU.ActiveCfg = Release|iPhoneSimulator
		{30346F98-3808-4ECD-A523-C2DE91A5405B}.Release|Any CPU.Build.0 = Release|iPhoneSimulator
		{30346F98-3808-4ECD-A523-C2DE91A5405B}.Debug|iPhoneSimulator.ActiveCfg = Debug|iPhoneSimulator
		{30346F98-3808-4ECD-A523-C2DE91A5405B}.Debug|iPhoneSimulator.Build.0 = Debug|iPhoneSimulator
		{30346F98-3808-4ECD-A523-C2DE91A5405B}.Release|iPhoneSimulator.ActiveCfg = Release|iPhoneSimulator
		{30346F98-3808-4ECD-A523-C2DE91A5405B}.Release|iPhoneSimulator.Build.0 = Release|iPhoneSimulator
		{30346F98-3808-4ECD-A523-C2DE91A5405B}.Debug|iPhone.ActiveCfg = Debug|iPhone
		{30346F98-3808-4ECD-A523-C2DE91A5405B}.Debug|iPhone.Build.0 = Debug|iPhone
		{30346F98-3808-4ECD-A523-C2DE91A5405B}.Release|iPhone.ActiveCfg = Release|iPhone
		{30346F98-3808-4ECD-A523-C2DE91A5405B}.Release|iPhone.Build.0 = Release|iPhone
		{77EED9B3-12DD-4B4D-8761-E46E412064F0}.Debug|Any CPU.ActiveCfg = Debug|Any CPU
		{77EED9B3-12DD-4B4D-8761-E46E412064F0}.Debug|Any CPU.Build.0 = Debug|Any CPU
		{77EED9B3-12DD-4B4D-8761-E46E412064F0}.Release|Any CPU.ActiveCfg = Release|Any CPU
		{77EED9B3-12DD-4B4D-8761-E46E412064F0}.Release|Any CPU.Build.0 = Release|Any CPU
		{77EED9B3-12DD-4B4D-8761-E46E412064F0}.Debug|iPhoneSimulator.ActiveCfg = Debug|Any CPU
		{77EED9B3-12DD-4B4D-8761-E46E412064F0}.Debug|iPhoneSimulator.Build.0 = Debug|Any CPU
		{77EED9B3-12DD-4B4D-8761-E46E412064F0}.Release|iPhoneSimulator.ActiveCfg = Release|Any CPU
		{77EED9B3-12DD-4B4D-8761-E46E412064F0}.Release|iPhoneSimulator.Build.0 = Release|Any CPU
		{77EED9B3-12DD-4B4D-8761-E46E412064F0}.Debug|iPhone.ActiveCfg = Debug|Any CPU
		{77EED9B3-12DD-4B4D-8761-E46E412064F0}.Debug|iPhone.Build.0 = Debug|Any CPU
		{77EED9B3-12DD-4B4D-8761-E46E412064F0}.Release|iPhone.ActiveCfg = Release|Any CPU
		{77EED9B3-12DD-4B4D-8761-E46E412064F0}.Release|iPhone.Build.0 = Release|Any CPU
	EndGlobalSection
	GlobalSection(SolutionProperties) = preSolution
		HideSolutionNode = FALSE
	EndGlobalSection
	GlobalSection(ExtensibilityGlobals) = postSolution
		SolutionGuid = {A02CD5FA-797C-4F4B-B1BA-2C7A39F28E24}
	EndGlobalSection
EndGlobal
